
Microsoft Visual Studio Solution File, Format Version 12.00
# Visual Studio 14
VisualStudioVersion = 14.0.25123.0
MinimumVisualStudioVersion = 10.0.40219.1
Project("{FAE04EC0-301F-11D3-BF4B-00C04F79EFBC}") = "Where2Next", "Where2Next\Where2Next.csproj", "{9C9EB03E-54A2-4F31-9135-120F1590E17B}"
EndProject
Project("{FAE04EC0-301F-11D3-BF4B-00C04F79EFBC}") = "DataDigester", "DataDigester\DataDigester.csproj", "{FCBF5498-6324-43F2-9D14-76E1B23C3162}"
EndProject
Project("{FAE04EC0-301F-11D3-BF4B-00C04F79EFBC}") = "Geocoder", "Geocoder\Geocoder.csproj", "{6DF9FF99-64CE-42DA-BCFA-CA74CD0C6B0B}"
EndProject
Project("{F2A71F9B-5D33-465A-A702-920D77279786}") = "CrashTestDummy", "CrashTestDummy\CrashTestDummy.fsproj", "{A80ED5F6-ECD5-4FAF-97E8-C06023DF3F4B}"
EndProject
Project("{FAE04EC0-301F-11D3-BF4B-00C04F79EFBC}") = "Where2Next.Tests", "Where2Next.Tests\Where2Next.Tests.csproj", "{81E33CAA-EBB3-48FD-ABC7-A9CB1C1D9075}"
EndProject
Global
	GlobalSection(SolutionConfigurationPlatforms) = preSolution
		Debug|Any CPU = Debug|Any CPU
		Release|Any CPU = Release|Any CPU
	EndGlobalSection
	GlobalSection(ProjectConfigurationPlatforms) = postSolution
		{9C9EB03E-54A2-4F31-9135-120F1590E17B}.Debug|Any CPU.ActiveCfg = Debug|Any CPU
		{9C9EB03E-54A2-4F31-9135-120F1590E17B}.Debug|Any CPU.Build.0 = Debug|Any CPU
		{9C9EB03E-54A2-4F31-9135-120F1590E17B}.Release|Any CPU.ActiveCfg = Release|Any CPU
		{9C9EB03E-54A2-4F31-9135-120F1590E17B}.Release|Any CPU.Build.0 = Release|Any CPU
		{FCBF5498-6324-43F2-9D14-76E1B23C3162}.Debug|Any CPU.ActiveCfg = Debug|Any CPU
		{FCBF5498-6324-43F2-9D14-76E1B23C3162}.Debug|Any CPU.Build.0 = Debug|Any CPU
		{FCBF5498-6324-43F2-9D14-76E1B23C3162}.Release|Any CPU.ActiveCfg = Release|Any CPU
		{FCBF5498-6324-43F2-9D14-76E1B23C3162}.Release|Any CPU.Build.0 = Release|Any CPU
		{6DF9FF99-64CE-42DA-BCFA-CA74CD0C6B0B}.Debug|Any CPU.ActiveCfg = Debug|Any CPU
		{6DF9FF99-64CE-42DA-BCFA-CA74CD0C6B0B}.Debug|Any CPU.Build.0 = Debug|Any CPU
		{6DF9FF99-64CE-42DA-BCFA-CA74CD0C6B0B}.Release|Any CPU.ActiveCfg = Release|Any CPU
		{6DF9FF99-64CE-42DA-BCFA-CA74CD0C6B0B}.Release|Any CPU.Build.0 = Release|Any CPU
		{A80ED5F6-ECD5-4FAF-97E8-C06023DF3F4B}.Debug|Any CPU.ActiveCfg = Debug|Any CPU
		{A80ED5F6-ECD5-4FAF-97E8-C06023DF3F4B}.Debug|Any CPU.Build.0 = Debug|Any CPU
		{A80ED5F6-ECD5-4FAF-97E8-C06023DF3F4B}.Release|Any CPU.ActiveCfg = Release|Any CPU
		{A80ED5F6-ECD5-4FAF-97E8-C06023DF3F4B}.Release|Any CPU.Build.0 = Release|Any CPU
		{81E33CAA-EBB3-48FD-ABC7-A9CB1C1D9075}.Debug|Any CPU.ActiveCfg = Debug|Any CPU
		{81E33CAA-EBB3-48FD-ABC7-A9CB1C1D9075}.Debug|Any CPU.Build.0 = Debug|Any CPU
		{81E33CAA-EBB3-48FD-ABC7-A9CB1C1D9075}.Release|Any CPU.ActiveCfg = Release|Any CPU
		{81E33CAA-EBB3-48FD-ABC7-A9CB1C1D9075}.Release|Any CPU.Build.0 = Release|Any CPU
	EndGlobalSection
	GlobalSection(SolutionProperties) = preSolution
		HideSolutionNode = FALSE
	EndGlobalSection
EndGlobal
